// !$*UTF8*$!
{
	archiveVersion = 1;
	classes = {
	};
	objectVersion = 46;
	objects = {

/* Begin PBXBuildFile section */
		D03E2D2915B14C8500679DB0 /* MsgSend.hs in Sources */ = {isa = PBXBuildFile; fileRef = D0E525ED15B1122500C13802 /* MsgSend.hs */; };
		D03E2D2C15B150CA00679DB0 /* MsgSendTest.hs in Resources */ = {isa = PBXBuildFile; fileRef = D03E2D2B15B150CA00679DB0 /* MsgSendTest.hs */; };
		D03E2D2E15B1599A00679DB0 /* ObjC.hs in Sources */ = {isa = PBXBuildFile; fileRef = D03E2D2D15B1599200679DB0 /* ObjC.hs */; };
		D03E2D2F15B15BB600679DB0 /* MsgSendTest.hs in Sources */ = {isa = PBXBuildFile; fileRef = D03E2D2B15B150CA00679DB0 /* MsgSendTest.hs */; };
		D03E2D3515B1709A00679DB0 /* OHMemoryManagement.h in Headers */ = {isa = PBXBuildFile; fileRef = D03E2D3315B1709A00679DB0 /* OHMemoryManagement.h */; };
		D03E2D3615B1709A00679DB0 /* OHMemoryManagement.m in Sources */ = {isa = PBXBuildFile; fileRef = D03E2D3415B1709A00679DB0 /* OHMemoryManagement.m */; settings = {COMPILER_FLAGS = "-fno-objc-arc"; }; };
		D09061EF15B0DD37001CAC43 /* Cocoa.framework in Frameworks */ = {isa = PBXBuildFile; fileRef = D09061EE15B0DD37001CAC43 /* Cocoa.framework */; };
		D090620115B0DD38001CAC43 /* SenTestingKit.framework in Frameworks */ = {isa = PBXBuildFile; fileRef = D090620015B0DD38001CAC43 /* SenTestingKit.framework */; };
		D090620215B0DD38001CAC43 /* Cocoa.framework in Frameworks */ = {isa = PBXBuildFile; fileRef = D09061EE15B0DD37001CAC43 /* Cocoa.framework */; };
		D090620515B0DD38001CAC43 /* libObjectiveHaskell.a in Frameworks */ = {isa = PBXBuildFile; fileRef = D09061EB15B0DD37001CAC43 /* libObjectiveHaskell.a */; };
		D090620B15B0DD38001CAC43 /* InfoPlist.strings in Resources */ = {isa = PBXBuildFile; fileRef = D090620915B0DD38001CAC43 /* InfoPlist.strings */; };
		D090620E15B0DD38001CAC43 /* ObjectiveHaskellTests.m in Sources */ = {isa = PBXBuildFile; fileRef = D090620D15B0DD38001CAC43 /* ObjectiveHaskellTests.m */; };
		D090624A15B0E4C0001CAC43 /* FibTest.hs in Sources */ = {isa = PBXBuildFile; fileRef = D090624815B0E450001CAC43 /* FibTest.hs */; };
		D090625015B0E613001CAC43 /* NSObject+OHInitializationExtensions.m in Sources */ = {isa = PBXBuildFile; fileRef = D090624E15B0E613001CAC43 /* NSObject+OHInitializationExtensions.m */; };
/* End PBXBuildFile section */

/* Begin PBXBuildRule section */
		D090623115B0DF58001CAC43 /* PBXBuildRule */ = {
			isa = PBXBuildRule;
			compilerSpec = com.apple.compilers.proxy.script;
			filePatterns = "*.hs";
			fileType = pattern.proxy;
			isEditable = 1;
			outputFiles = (
				"$(INPUT_FILE_DIR)/$(INPUT_FILE_BASE)_stub.h",
				"$(INPUT_FILE_DIR)/$(INPUT_FILE_BASE).o",
			);
			script = "/usr/local/bin/ghc -c -O \"$INPUT_FILE_PATH\"";
		};
		D090624B15B0E4D5001CAC43 /* PBXBuildRule */ = {
			isa = PBXBuildRule;
			compilerSpec = com.apple.compilers.proxy.script;
			filePatterns = "*.hs";
			fileType = pattern.proxy;
			isEditable = 1;
			outputFiles = (
				"$(INPUT_FILE_DIR)/$(INPUT_FILE_BASE)_stub.h",
				"$(INPUT_FILE_DIR)/$(INPUT_FILE_BASE).o",
			);
			script = "/usr/local/bin/ghc -lobjc -c -O \"$INPUT_FILE_PATH\"";
		};
/* End PBXBuildRule section */

/* Begin PBXContainerItemProxy section */
		D090620315B0DD38001CAC43 /* PBXContainerItemProxy */ = {
			isa = PBXContainerItemProxy;
			containerPortal = D09061E215B0DD37001CAC43 /* Project object */;
			proxyType = 1;
			remoteGlobalIDString = D09061EA15B0DD37001CAC43;
			remoteInfo = ObjectiveHaskell;
		};
/* End PBXContainerItemProxy section */

/* Begin PBXFileReference section */
		D03E2D2B15B150CA00679DB0 /* MsgSendTest.hs */ = {isa = PBXFileReference; fileEncoding = 4; lastKnownFileType = text; path = MsgSendTest.hs; sourceTree = "<group>"; };
		D03E2D2D15B1599200679DB0 /* ObjC.hs */ = {isa = PBXFileReference; fileEncoding = 4; lastKnownFileType = text; path = ObjC.hs; sourceTree = "<group>"; };
		D03E2D3315B1709A00679DB0 /* OHMemoryManagement.h */ = {isa = PBXFileReference; fileEncoding = 4; lastKnownFileType = sourcecode.c.h; path = OHMemoryManagement.h; sourceTree = "<group>"; };
		D03E2D3415B1709A00679DB0 /* OHMemoryManagement.m */ = {isa = PBXFileReference; fileEncoding = 4; lastKnownFileType = sourcecode.c.objc; path = OHMemoryManagement.m; sourceTree = "<group>"; };
		D09061EB15B0DD37001CAC43 /* libObjectiveHaskell.a */ = {isa = PBXFileReference; explicitFileType = archive.ar; includeInIndex = 0; path = libObjectiveHaskell.a; sourceTree = BUILT_PRODUCTS_DIR; };
		D09061EE15B0DD37001CAC43 /* Cocoa.framework */ = {isa = PBXFileReference; lastKnownFileType = wrapper.framework; name = Cocoa.framework; path = System/Library/Frameworks/Cocoa.framework; sourceTree = SDKROOT; };
		D09061F115B0DD37001CAC43 /* AppKit.framework */ = {isa = PBXFileReference; lastKnownFileType = wrapper.framework; name = AppKit.framework; path = System/Library/Frameworks/AppKit.framework; sourceTree = SDKROOT; };
		D09061F215B0DD37001CAC43 /* CoreData.framework */ = {isa = PBXFileReference; lastKnownFileType = wrapper.framework; name = CoreData.framework; path = System/Library/Frameworks/CoreData.framework; sourceTree = SDKROOT; };
		D09061F315B0DD37001CAC43 /* Foundation.framework */ = {isa = PBXFileReference; lastKnownFileType = wrapper.framework; name = Foundation.framework; path = System/Library/Frameworks/Foundation.framework; sourceTree = SDKROOT; };
		D09061F615B0DD37001CAC43 /* ObjectiveHaskell-Prefix.pch */ = {isa = PBXFileReference; lastKnownFileType = sourcecode.c.h; path = "ObjectiveHaskell-Prefix.pch"; sourceTree = "<group>"; };
		D09061F715B0DD37001CAC43 /* ObjectiveHaskell.h */ = {isa = PBXFileReference; lastKnownFileType = sourcecode.c.h; path = ObjectiveHaskell.h; sourceTree = "<group>"; };
		D09061FF15B0DD38001CAC43 /* ObjectiveHaskellTests.octest */ = {isa = PBXFileReference; explicitFileType = wrapper.cfbundle; includeInIndex = 0; path = ObjectiveHaskellTests.octest; sourceTree = BUILT_PRODUCTS_DIR; };
		D090620015B0DD38001CAC43 /* SenTestingKit.framework */ = {isa = PBXFileReference; lastKnownFileType = wrapper.framework; name = SenTestingKit.framework; path = Library/Frameworks/SenTestingKit.framework; sourceTree = DEVELOPER_DIR; };
		D090620815B0DD38001CAC43 /* ObjectiveHaskellTests-Info.plist */ = {isa = PBXFileReference; lastKnownFileType = text.plist.xml; path = "ObjectiveHaskellTests-Info.plist"; sourceTree = "<group>"; };
		D090620A15B0DD38001CAC43 /* en */ = {isa = PBXFileReference; lastKnownFileType = text.plist.strings; name = en; path = en.lproj/InfoPlist.strings; sourceTree = "<group>"; };
		D090620C15B0DD38001CAC43 /* ObjectiveHaskellTests.h */ = {isa = PBXFileReference; lastKnownFileType = sourcecode.c.h; path = ObjectiveHaskellTests.h; sourceTree = "<group>"; };
		D090620D15B0DD38001CAC43 /* ObjectiveHaskellTests.m */ = {isa = PBXFileReference; lastKnownFileType = sourcecode.c.objc; path = ObjectiveHaskellTests.m; sourceTree = "<group>"; };
		D090621A15B0DE72001CAC43 /* Common.xcconfig */ = {isa = PBXFileReference; lastKnownFileType = text.xcconfig; path = Common.xcconfig; sourceTree = "<group>"; };
		D090621C15B0DE72001CAC43 /* Debug.xcconfig */ = {isa = PBXFileReference; lastKnownFileType = text.xcconfig; path = Debug.xcconfig; sourceTree = "<group>"; };
		D090621D15B0DE72001CAC43 /* Profile.xcconfig */ = {isa = PBXFileReference; lastKnownFileType = text.xcconfig; path = Profile.xcconfig; sourceTree = "<group>"; };
		D090621E15B0DE72001CAC43 /* Release.xcconfig */ = {isa = PBXFileReference; lastKnownFileType = text.xcconfig; path = Release.xcconfig; sourceTree = "<group>"; };
		D090622015B0DE72001CAC43 /* Application.xcconfig */ = {isa = PBXFileReference; lastKnownFileType = text.xcconfig; path = Application.xcconfig; sourceTree = "<group>"; };
		D090622115B0DE72001CAC43 /* StaticLibrary.xcconfig */ = {isa = PBXFileReference; lastKnownFileType = text.xcconfig; path = StaticLibrary.xcconfig; sourceTree = "<group>"; };
		D090622315B0DE72001CAC43 /* iOS-Application.xcconfig */ = {isa = PBXFileReference; lastKnownFileType = text.xcconfig; path = "iOS-Application.xcconfig"; sourceTree = "<group>"; };
		D090622415B0DE72001CAC43 /* iOS-Base.xcconfig */ = {isa = PBXFileReference; lastKnownFileType = text.xcconfig; path = "iOS-Base.xcconfig"; sourceTree = "<group>"; };
		D090622515B0DE72001CAC43 /* iOS-StaticLibrary.xcconfig */ = {isa = PBXFileReference; lastKnownFileType = text.xcconfig; path = "iOS-StaticLibrary.xcconfig"; sourceTree = "<group>"; };
		D090622715B0DE72001CAC43 /* Mac-Application.xcconfig */ = {isa = PBXFileReference; lastKnownFileType = text.xcconfig; path = "Mac-Application.xcconfig"; sourceTree = "<group>"; };
		D090622815B0DE72001CAC43 /* Mac-Base.xcconfig */ = {isa = PBXFileReference; lastKnownFileType = text.xcconfig; path = "Mac-Base.xcconfig"; sourceTree = "<group>"; };
		D090622915B0DE72001CAC43 /* Mac-DynamicLibrary.xcconfig */ = {isa = PBXFileReference; lastKnownFileType = text.xcconfig; path = "Mac-DynamicLibrary.xcconfig"; sourceTree = "<group>"; };
		D090622A15B0DE72001CAC43 /* Mac-Framework.xcconfig */ = {isa = PBXFileReference; lastKnownFileType = text.xcconfig; path = "Mac-Framework.xcconfig"; sourceTree = "<group>"; };
		D090622B15B0DE72001CAC43 /* Mac-StaticLibrary.xcconfig */ = {isa = PBXFileReference; lastKnownFileType = text.xcconfig; path = "Mac-StaticLibrary.xcconfig"; sourceTree = "<group>"; };
		D090622C15B0DE72001CAC43 /* README.md */ = {isa = PBXFileReference; lastKnownFileType = text; path = README.md; sourceTree = "<group>"; };
		D090623915B0E2DA001CAC43 /* ObjectiveHaskell-Debug.xcconfig */ = {isa = PBXFileReference; lastKnownFileType = text.xcconfig; path = "ObjectiveHaskell-Debug.xcconfig"; sourceTree = "<group>"; };
		D090623A15B0E2DA001CAC43 /* ObjectiveHaskell-Profile.xcconfig */ = {isa = PBXFileReference; lastKnownFileType = text.xcconfig; path = "ObjectiveHaskell-Profile.xcconfig"; sourceTree = "<group>"; };
		D090623B15B0E2DA001CAC43 /* ObjectiveHaskell-Release.xcconfig */ = {isa = PBXFileReference; lastKnownFileType = text.xcconfig; path = "ObjectiveHaskell-Release.xcconfig"; sourceTree = "<group>"; };
		D090623C15B0E2DA001CAC43 /* ObjectiveHaskell.xcconfig */ = {isa = PBXFileReference; lastKnownFileType = text.xcconfig; path = ObjectiveHaskell.xcconfig; sourceTree = "<group>"; };
		D090624815B0E450001CAC43 /* FibTest.hs */ = {isa = PBXFileReference; fileEncoding = 4; lastKnownFileType = text; path = FibTest.hs; sourceTree = "<group>"; };
		D090624E15B0E613001CAC43 /* NSObject+OHInitializationExtensions.m */ = {isa = PBXFileReference; fileEncoding = 4; lastKnownFileType = sourcecode.c.objc; path = "NSObject+OHInitializationExtensions.m"; sourceTree = "<group>"; };
		D0E525ED15B1122500C13802 /* MsgSend.hs */ = {isa = PBXFileReference; fileEncoding = 4; lastKnownFileType = text; path = MsgSend.hs; sourceTree = "<group>"; };
/* End PBXFileReference section */

/* Begin PBXFrameworksBuildPhase section */
		D09061E815B0DD37001CAC43 /* Frameworks */ = {
			isa = PBXFrameworksBuildPhase;
			buildActionMask = 2147483647;
			files = (
				D09061EF15B0DD37001CAC43 /* Cocoa.framework in Frameworks */,
			);
			runOnlyForDeploymentPostprocessing = 0;
		};
		D09061FB15B0DD38001CAC43 /* Frameworks */ = {
			isa = PBXFrameworksBuildPhase;
			buildActionMask = 2147483647;
			files = (
				D090620115B0DD38001CAC43 /* SenTestingKit.framework in Frameworks */,
				D090620215B0DD38001CAC43 /* Cocoa.framework in Frameworks */,
				D090620515B0DD38001CAC43 /* libObjectiveHaskell.a in Frameworks */,
			);
			runOnlyForDeploymentPostprocessing = 0;
		};
/* End PBXFrameworksBuildPhase section */

/* Begin PBXGroup section */
		D03E2D3015B1706600679DB0 /* Cocoa */ = {
			isa = PBXGroup;
			children = (
				D03E2D3315B1709A00679DB0 /* OHMemoryManagement.h */,
				D03E2D3415B1709A00679DB0 /* OHMemoryManagement.m */,
			);
			name = Cocoa;
			sourceTree = "<group>";
		};
		D09061E015B0DD37001CAC43 = {
			isa = PBXGroup;
			children = (
				D09061F415B0DD37001CAC43 /* ObjectiveHaskell */,
				D090620615B0DD38001CAC43 /* ObjectiveHaskellTests */,
				D090621715B0DE72001CAC43 /* Configuration */,
				D09061ED15B0DD37001CAC43 /* Frameworks */,
				D09061EC15B0DD37001CAC43 /* Products */,
			);
			sourceTree = "<group>";
		};
		D09061EC15B0DD37001CAC43 /* Products */ = {
			isa = PBXGroup;
			children = (
				D09061EB15B0DD37001CAC43 /* libObjectiveHaskell.a */,
				D09061FF15B0DD38001CAC43 /* ObjectiveHaskellTests.octest */,
			);
			name = Products;
			sourceTree = "<group>";
		};
		D09061ED15B0DD37001CAC43 /* Frameworks */ = {
			isa = PBXGroup;
			children = (
				D09061EE15B0DD37001CAC43 /* Cocoa.framework */,
				D090620015B0DD38001CAC43 /* SenTestingKit.framework */,
				D09061F015B0DD37001CAC43 /* Other Frameworks */,
			);
			name = Frameworks;
			sourceTree = "<group>";
		};
		D09061F015B0DD37001CAC43 /* Other Frameworks */ = {
			isa = PBXGroup;
			children = (
				D09061F115B0DD37001CAC43 /* AppKit.framework */,
				D09061F215B0DD37001CAC43 /* CoreData.framework */,
				D09061F315B0DD37001CAC43 /* Foundation.framework */,
			);
			name = "Other Frameworks";
			sourceTree = "<group>";
		};
		D09061F415B0DD37001CAC43 /* ObjectiveHaskell */ = {
			isa = PBXGroup;
			children = (
				D09061F715B0DD37001CAC43 /* ObjectiveHaskell.h */,
				D03E2D3015B1706600679DB0 /* Cocoa */,
				D0E525EB15B111E500C13802 /* Haskell */,
				D09061F515B0DD37001CAC43 /* Supporting Files */,
			);
			path = ObjectiveHaskell;
			sourceTree = "<group>";
		};
		D09061F515B0DD37001CAC43 /* Supporting Files */ = {
			isa = PBXGroup;
			children = (
				D090624E15B0E613001CAC43 /* NSObject+OHInitializationExtensions.m */,
				D09061F615B0DD37001CAC43 /* ObjectiveHaskell-Prefix.pch */,
			);
			name = "Supporting Files";
			sourceTree = "<group>";
		};
		D090620615B0DD38001CAC43 /* ObjectiveHaskellTests */ = {
			isa = PBXGroup;
			children = (
				D090624515B0E43C001CAC43 /* Cocoa */,
				D090624715B0E43F001CAC43 /* Haskell */,
				D090620715B0DD38001CAC43 /* Supporting Files */,
			);
			path = ObjectiveHaskellTests;
			sourceTree = "<group>";
		};
		D090620715B0DD38001CAC43 /* Supporting Files */ = {
			isa = PBXGroup;
			children = (
				D090620815B0DD38001CAC43 /* ObjectiveHaskellTests-Info.plist */,
				D090620915B0DD38001CAC43 /* InfoPlist.strings */,
			);
			name = "Supporting Files";
			sourceTree = "<group>";
		};
		D090621715B0DE72001CAC43 /* Configuration */ = {
			isa = PBXGroup;
			children = (
				D090623915B0E2DA001CAC43 /* ObjectiveHaskell-Debug.xcconfig */,
				D090623A15B0E2DA001CAC43 /* ObjectiveHaskell-Profile.xcconfig */,
				D090623B15B0E2DA001CAC43 /* ObjectiveHaskell-Release.xcconfig */,
				D090623C15B0E2DA001CAC43 /* ObjectiveHaskell.xcconfig */,
				D090621815B0DE72001CAC43 /* xcconfigs */,
			);
			path = Configuration;
			sourceTree = "<group>";
		};
		D090621815B0DE72001CAC43 /* xcconfigs */ = {
			isa = PBXGroup;
			children = (
				D090621915B0DE72001CAC43 /* Base */,
				D090622215B0DE72001CAC43 /* iOS */,
				D090622615B0DE72001CAC43 /* Mac OS X */,
				D090622C15B0DE72001CAC43 /* README.md */,
			);
			path = xcconfigs;
			sourceTree = "<group>";
		};
		D090621915B0DE72001CAC43 /* Base */ = {
			isa = PBXGroup;
			children = (
				D090621A15B0DE72001CAC43 /* Common.xcconfig */,
				D090621B15B0DE72001CAC43 /* Configurations */,
				D090621F15B0DE72001CAC43 /* Targets */,
			);
			path = Base;
			sourceTree = "<group>";
		};
		D090621B15B0DE72001CAC43 /* Configurations */ = {
			isa = PBXGroup;
			children = (
				D090621C15B0DE72001CAC43 /* Debug.xcconfig */,
				D090621D15B0DE72001CAC43 /* Profile.xcconfig */,
				D090621E15B0DE72001CAC43 /* Release.xcconfig */,
			);
			path = Configurations;
			sourceTree = "<group>";
		};
		D090621F15B0DE72001CAC43 /* Targets */ = {
			isa = PBXGroup;
			children = (
				D090622015B0DE72001CAC43 /* Application.xcconfig */,
				D090622115B0DE72001CAC43 /* StaticLibrary.xcconfig */,
			);
			path = Targets;
			sourceTree = "<group>";
		};
		D090622215B0DE72001CAC43 /* iOS */ = {
			isa = PBXGroup;
			children = (
				D090622315B0DE72001CAC43 /* iOS-Application.xcconfig */,
				D090622415B0DE72001CAC43 /* iOS-Base.xcconfig */,
				D090622515B0DE72001CAC43 /* iOS-StaticLibrary.xcconfig */,
			);
			path = iOS;
			sourceTree = "<group>";
		};
		D090622615B0DE72001CAC43 /* Mac OS X */ = {
			isa = PBXGroup;
			children = (
				D090622715B0DE72001CAC43 /* Mac-Application.xcconfig */,
				D090622815B0DE72001CAC43 /* Mac-Base.xcconfig */,
				D090622915B0DE72001CAC43 /* Mac-DynamicLibrary.xcconfig */,
				D090622A15B0DE72001CAC43 /* Mac-Framework.xcconfig */,
				D090622B15B0DE72001CAC43 /* Mac-StaticLibrary.xcconfig */,
			);
			path = "Mac OS X";
			sourceTree = "<group>";
		};
		D090624515B0E43C001CAC43 /* Cocoa */ = {
			isa = PBXGroup;
			children = (
				D090620C15B0DD38001CAC43 /* ObjectiveHaskellTests.h */,
				D090620D15B0DD38001CAC43 /* ObjectiveHaskellTests.m */,
			);
			name = Cocoa;
			sourceTree = "<group>";
		};
		D090624715B0E43F001CAC43 /* Haskell */ = {
			isa = PBXGroup;
			children = (
				D090624815B0E450001CAC43 /* FibTest.hs */,
				D03E2D2B15B150CA00679DB0 /* MsgSendTest.hs */,
			);
			name = Haskell;
			sourceTree = "<group>";
		};
		D0E525EB15B111E500C13802 /* Haskell */ = {
			isa = PBXGroup;
			children = (
				D0E525ED15B1122500C13802 /* MsgSend.hs */,
				D03E2D2D15B1599200679DB0 /* ObjC.hs */,
			);
			name = Haskell;
			sourceTree = "<group>";
		};
/* End PBXGroup section */

/* Begin PBXHeadersBuildPhase section */
		D09061E915B0DD37001CAC43 /* Headers */ = {
			isa = PBXHeadersBuildPhase;
			buildActionMask = 2147483647;
			files = (
				D03E2D3515B1709A00679DB0 /* OHMemoryManagement.h in Headers */,
			);
			runOnlyForDeploymentPostprocessing = 0;
		};
/* End PBXHeadersBuildPhase section */

/* Begin PBXNativeTarget section */
		D09061EA15B0DD37001CAC43 /* ObjectiveHaskell */ = {
			isa = PBXNativeTarget;
			buildConfigurationList = D090621115B0DD38001CAC43 /* Build configuration list for PBXNativeTarget "ObjectiveHaskell" */;
			buildPhases = (
				D09061E715B0DD37001CAC43 /* Sources */,
				D09061E815B0DD37001CAC43 /* Frameworks */,
				D09061E915B0DD37001CAC43 /* Headers */,
			);
			buildRules = (
				D090623115B0DF58001CAC43 /* PBXBuildRule */,
			);
			dependencies = (
			);
			name = ObjectiveHaskell;
			productName = ObjectiveHaskell;
			productReference = D09061EB15B0DD37001CAC43 /* libObjectiveHaskell.a */;
			productType = "com.apple.product-type.library.static";
		};
		D09061FE15B0DD38001CAC43 /* ObjectiveHaskellTests */ = {
			isa = PBXNativeTarget;
			buildConfigurationList = D090621415B0DD38001CAC43 /* Build configuration list for PBXNativeTarget "ObjectiveHaskellTests" */;
			buildPhases = (
				D09061FA15B0DD38001CAC43 /* Sources */,
				D09061FB15B0DD38001CAC43 /* Frameworks */,
				D09061FC15B0DD38001CAC43 /* Resources */,
				D09061FD15B0DD38001CAC43 /* ShellScript */,
			);
			buildRules = (
				D090624B15B0E4D5001CAC43 /* PBXBuildRule */,
			);
			dependencies = (
				D090620415B0DD38001CAC43 /* PBXTargetDependency */,
			);
			name = ObjectiveHaskellTests;
			productName = ObjectiveHaskellTests;
			productReference = D09061FF15B0DD38001CAC43 /* ObjectiveHaskellTests.octest */;
			productType = "com.apple.product-type.bundle";
		};
/* End PBXNativeTarget section */

/* Begin PBXProject section */
		D09061E215B0DD37001CAC43 /* Project object */ = {
			isa = PBXProject;
			attributes = {
				LastUpgradeCheck = 0450;
				ORGANIZATIONNAME = "Justin Spahr-Summers";
			};
			buildConfigurationList = D09061E515B0DD37001CAC43 /* Build configuration list for PBXProject "ObjectiveHaskell" */;
			compatibilityVersion = "Xcode 3.2";
			developmentRegion = English;
			hasScannedForEncodings = 0;
			knownRegions = (
				en,
			);
			mainGroup = D09061E015B0DD37001CAC43;
			productRefGroup = D09061EC15B0DD37001CAC43 /* Products */;
			projectDirPath = "";
			projectRoot = "";
			targets = (
				D09061EA15B0DD37001CAC43 /* ObjectiveHaskell */,
				D09061FE15B0DD38001CAC43 /* ObjectiveHaskellTests */,
			);
		};
/* End PBXProject section */

/* Begin PBXResourcesBuildPhase section */
		D09061FC15B0DD38001CAC43 /* Resources */ = {
			isa = PBXResourcesBuildPhase;
			buildActionMask = 2147483647;
			files = (
				D090620B15B0DD38001CAC43 /* InfoPlist.strings in Resources */,
				D03E2D2C15B150CA00679DB0 /* MsgSendTest.hs in Resources */,
			);
			runOnlyForDeploymentPostprocessing = 0;
		};
/* End PBXResourcesBuildPhase section */

/* Begin PBXShellScriptBuildPhase section */
		D09061FD15B0DD38001CAC43 /* ShellScript */ = {
			isa = PBXShellScriptBuildPhase;
			buildActionMask = 2147483647;
			files = (
			);
			inputPaths = (
			);
			outputPaths = (
			);
			runOnlyForDeploymentPostprocessing = 0;
			shellPath = /bin/sh;
			shellScript = "# Run the unit tests in this test bundle.\n\"${SYSTEM_DEVELOPER_DIR}/Tools/RunUnitTests\"\n";
		};
/* End PBXShellScriptBuildPhase section */

/* Begin PBXSourcesBuildPhase section */
		D09061E715B0DD37001CAC43 /* Sources */ = {
			isa = PBXSourcesBuildPhase;
			buildActionMask = 2147483647;
			files = (
				D090625015B0E613001CAC43 /* NSObject+OHInitializationExtensions.m in Sources */,
				D03E2D2915B14C8500679DB0 /* MsgSend.hs in Sources */,
				D03E2D2E15B1599A00679DB0 /* ObjC.hs in Sources */,
				D03E2D3615B1709A00679DB0 /* OHMemoryManagement.m in Sources */,
			);
			runOnlyForDeploymentPostprocessing = 0;
		};
		D09061FA15B0DD38001CAC43 /* Sources */ = {
			isa = PBXSourcesBuildPhase;
			buildActionMask = 2147483647;
			files = (
				D090624A15B0E4C0001CAC43 /* FibTest.hs in Sources */,
				D03E2D2F15B15BB600679DB0 /* MsgSendTest.hs in Sources */,
				D090620E15B0DD38001CAC43 /* ObjectiveHaskellTests.m in Sources */,
			);
			runOnlyForDeploymentPostprocessing = 0;
		};
/* End PBXSourcesBuildPhase section */

/* Begin PBXTargetDependency section */
		D090620415B0DD38001CAC43 /* PBXTargetDependency */ = {
			isa = PBXTargetDependency;
			target = D09061EA15B0DD37001CAC43 /* ObjectiveHaskell */;
			targetProxy = D090620315B0DD38001CAC43 /* PBXContainerItemProxy */;
		};
/* End PBXTargetDependency section */

/* Begin PBXVariantGroup section */
		D090620915B0DD38001CAC43 /* InfoPlist.strings */ = {
			isa = PBXVariantGroup;
			children = (
				D090620A15B0DD38001CAC43 /* en */,
			);
			name = InfoPlist.strings;
			sourceTree = "<group>";
		};
/* End PBXVariantGroup section */

/* Begin XCBuildConfiguration section */
		D090620F15B0DD38001CAC43 /* Debug */ = {
			isa = XCBuildConfiguration;
			baseConfigurationReference = D090623915B0E2DA001CAC43 /* ObjectiveHaskell-Debug.xcconfig */;
			buildSettings = {
				ARCHS = "$(ARCHS_STANDARD_64_BIT)";
				CLANG_CXX_LANGUAGE_STANDARD = "gnu++0x";
				GCC_C_LANGUAGE_STANDARD = gnu99;
				GCC_ENABLE_OBJC_EXCEPTIONS = YES;
				MACOSX_DEPLOYMENT_TARGET = 10.7;
				SDKROOT = macosx;
				TEST_AFTER_BUILD = YES;
			};
			name = Debug;
		};
		D090621015B0DD38001CAC43 /* Release */ = {
			isa = XCBuildConfiguration;
			baseConfigurationReference = D090623B15B0E2DA001CAC43 /* ObjectiveHaskell-Release.xcconfig */;
			buildSettings = {
				ARCHS = "$(ARCHS_STANDARD_64_BIT)";
				CLANG_CXX_LANGUAGE_STANDARD = "gnu++0x";
				GCC_C_LANGUAGE_STANDARD = gnu99;
				GCC_ENABLE_OBJC_EXCEPTIONS = YES;
				MACOSX_DEPLOYMENT_TARGET = 10.7;
				SDKROOT = macosx;
				TEST_AFTER_BUILD = YES;
			};
			name = Release;
		};
		D090621215B0DD38001CAC43 /* Debug */ = {
			isa = XCBuildConfiguration;
			baseConfigurationReference = D090622B15B0DE72001CAC43 /* Mac-StaticLibrary.xcconfig */;
			buildSettings = {
				GCC_PREFIX_HEADER = "ObjectiveHaskell/ObjectiveHaskell-Prefix.pch";
				OTHER_LDFLAGS = (
					"-lHSrts",
					"-lHSghc-7.4.2",
					"-lHSbase-4.5.1.0",
					"-lHSghc-prim-0.2.0.0",
					"-lHSinteger-gmp-0.4.0.0",
				);
				PRODUCT_NAME = "$(TARGET_NAME)";
			};
			name = Debug;
		};
		D090621315B0DD38001CAC43 /* Release */ = {
			isa = XCBuildConfiguration;
			baseConfigurationReference = D090622B15B0DE72001CAC43 /* Mac-StaticLibrary.xcconfig */;
			buildSettings = {
				GCC_PREFIX_HEADER = "ObjectiveHaskell/ObjectiveHaskell-Prefix.pch";
				OTHER_LDFLAGS = (
					"-lHSrts",
					"-lHSghc-7.4.2",
					"-lHSbase-4.5.1.0",
					"-lHSghc-prim-0.2.0.0",
					"-lHSinteger-gmp-0.4.0.0",
				);
				PRODUCT_NAME = "$(TARGET_NAME)";
			};
			name = Release;
		};
		D090621515B0DD38001CAC43 /* Debug */ = {
			isa = XCBuildConfiguration;
			baseConfigurationReference = D090622715B0DE72001CAC43 /* Mac-Application.xcconfig */;
			buildSettings = {
				FRAMEWORK_SEARCH_PATHS = "\"$(DEVELOPER_LIBRARY_DIR)/Frameworks\"";
				GCC_PREFIX_HEADER = "ObjectiveHaskell/ObjectiveHaskell-Prefix.pch";
				INFOPLIST_FILE = "ObjectiveHaskellTests/ObjectiveHaskellTests-Info.plist";
				PRODUCT_NAME = "$(TARGET_NAME)";
				WRAPPER_EXTENSION = octest;
			};
			name = Debug;
		};
		D090621615B0DD38001CAC43 /* Release */ = {
			isa = XCBuildConfiguration;
			baseConfigurationReference = D090622715B0DE72001CAC43 /* Mac-Application.xcconfig */;
			buildSettings = {
				FRAMEWORK_SEARCH_PATHS = "\"$(DEVELOPER_LIBRARY_DIR)/Frameworks\"";
				GCC_PREFIX_HEADER = "ObjectiveHaskell/ObjectiveHaskell-Prefix.pch";
				INFOPLIST_FILE = "ObjectiveHaskellTests/ObjectiveHaskellTests-Info.plist";
				PRODUCT_NAME = "$(TARGET_NAME)";
				WRAPPER_EXTENSION = octest;
			};
			name = Release;
		};
/* End XCBuildConfiguration section */

/* Begin XCConfigurationList section */
		D09061E515B0DD37001CAC43 /* Build configuration list for PBXProject "ObjectiveHaskell" */ = {
			isa = XCConfigurationList;
			buildConfigurations = (
				D090620F15B0DD38001CAC43 /* Debug */,
				D090621015B0DD38001CAC43 /* Release */,
			);
			defaultConfigurationIsVisible = 0;
			defaultConfigurationName = Release;
		};
		D090621115B0DD38001CAC43 /* Build configuration list for PBXNativeTarget "ObjectiveHaskell" */ = {
			isa = XCConfigurationList;
			buildConfigurations = (
				D090621215B0DD38001CAC43 /* Debug */,
				D090621315B0DD38001CAC43 /* Release */,
			);
			defaultConfigurationIsVisible = 0;
			defaultConfigurationName = Release;
		};
		D090621415B0DD38001CAC43 /* Build configuration list for PBXNativeTarget "ObjectiveHaskellTests" */ = {
			isa = XCConfigurationList;
			buildConfigurations = (
				D090621515B0DD38001CAC43 /* Debug */,
				D090621615B0DD38001CAC43 /* Release */,
			);
			defaultConfigurationIsVisible = 0;
			defaultConfigurationName = Release;
		};
/* End XCConfigurationList section */
	};
	rootObject = D09061E215B0DD37001CAC43 /* Project object */;
}
