// !$*UTF8*$!
{
	archiveVersion = 1;
	classes = {
	};
	objectVersion = 46;
	objects = {

/* Begin PBXBuildFile section */
		D0240FE615C6699500B95C7C /* NSURL.hs in Sources */ = {isa = PBXBuildFile; fileRef = D0240FE515C6697D00B95C7C /* NSURL.hs */; };
		D0240FF115C66BBB00B95C7C /* Model.hs in Sources */ = {isa = PBXBuildFile; fileRef = D0240FF015C66BAE00B95C7C /* Model.hs */; };
		D03E2D2915B14C8500679DB0 /* MsgSend.hs in Sources */ = {isa = PBXBuildFile; fileRef = D0E525ED15B1122500C13802 /* MsgSend.hs */; };
		D03E2D2E15B1599A00679DB0 /* ObjC.hs in Sources */ = {isa = PBXBuildFile; fileRef = D03E2D2D15B1599200679DB0 /* ObjC.hs */; };
		D03E2D2F15B15BB600679DB0 /* MsgSendTest.hs in Sources */ = {isa = PBXBuildFile; fileRef = D03E2D2B15B150CA00679DB0 /* MsgSendTest.hs */; };
		D045A10C15B27AD600DE48BF /* NSArray.hs in Sources */ = {isa = PBXBuildFile; fileRef = D045A10A15B2793D00DE48BF /* NSArray.hs */; };
		D045A10D15B27AD700DE48BF /* NSDictionary.hs in Sources */ = {isa = PBXBuildFile; fileRef = D045A10B15B2794400DE48BF /* NSDictionary.hs */; };
		D045A11015B2807A00DE48BF /* NSString.hs in Sources */ = {isa = PBXBuildFile; fileRef = D045A10F15B27B4900DE48BF /* NSString.hs */; };
		D045A11515B2843000DE48BF /* BridgedObjectTest.hs in Sources */ = {isa = PBXBuildFile; fileRef = D045A11415B2843000DE48BF /* BridgedObjectTest.hs */; };
		D04FC25A15B2B26F00C58F14 /* THUtils.hs in Sources */ = {isa = PBXBuildFile; fileRef = D04FC25915B2B26000C58F14 /* THUtils.hs */; };
		D06197A515BB871400EE5006 /* SafeHaskellTest.hs in Sources */ = {isa = PBXBuildFile; fileRef = D06197A315BB870700EE5006 /* SafeHaskellTest.hs */; };
		D062D78E15B38B90003871F7 /* NSData.hs in Sources */ = {isa = PBXBuildFile; fileRef = D062D78D15B38B80003871F7 /* NSData.hs */; };
		D08A8AE915CBBC6D0084E989 /* OHModel.h in Headers */ = {isa = PBXBuildFile; fileRef = D08A8AE715CBBC6D0084E989 /* OHModel.h */; settings = {ATTRIBUTES = (Public, ); }; };
		D08A8AEA15CBBC6D0084E989 /* OHModel.m in Sources */ = {isa = PBXBuildFile; fileRef = D08A8AE815CBBC6D0084E989 /* OHModel.m */; };
		D08A8AEC15CBBF200084E989 /* OHTypes.h in Headers */ = {isa = PBXBuildFile; fileRef = D08A8AEB15CBBF200084E989 /* OHTypes.h */; settings = {ATTRIBUTES = (Public, ); }; };
		D08A8AF315CBC2A50084E989 /* EXTRuntimeExtensions.m in Sources */ = {isa = PBXBuildFile; fileRef = D08A8AEF15CBC2A10084E989 /* EXTRuntimeExtensions.m */; };
		D08A8AF415CBC2A90084E989 /* EXTScope.m in Sources */ = {isa = PBXBuildFile; fileRef = D08A8AF115CBC2A10084E989 /* EXTScope.m */; };
		D08FC9DA15C660730032E22A /* libffi.a in Frameworks */ = {isa = PBXBuildFile; fileRef = D08FC9D715C660670032E22A /* libffi.a */; };
		D09061EF15B0DD37001CAC43 /* Cocoa.framework in Frameworks */ = {isa = PBXBuildFile; fileRef = D09061EE15B0DD37001CAC43 /* Cocoa.framework */; };
		D090620115B0DD38001CAC43 /* SenTestingKit.framework in Frameworks */ = {isa = PBXBuildFile; fileRef = D090620015B0DD38001CAC43 /* SenTestingKit.framework */; };
		D090620215B0DD38001CAC43 /* Cocoa.framework in Frameworks */ = {isa = PBXBuildFile; fileRef = D09061EE15B0DD37001CAC43 /* Cocoa.framework */; };
		D090620515B0DD38001CAC43 /* libObjectiveHaskell.a in Frameworks */ = {isa = PBXBuildFile; fileRef = D09061EB15B0DD37001CAC43 /* libObjectiveHaskell.a */; };
		D090620B15B0DD38001CAC43 /* InfoPlist.strings in Resources */ = {isa = PBXBuildFile; fileRef = D090620915B0DD38001CAC43 /* InfoPlist.strings */; };
		D090620E15B0DD38001CAC43 /* ObjectiveHaskellTests.m in Sources */ = {isa = PBXBuildFile; fileRef = D090620D15B0DD38001CAC43 /* ObjectiveHaskellTests.m */; };
		D090624A15B0E4C0001CAC43 /* FibTest.hs in Sources */ = {isa = PBXBuildFile; fileRef = D090624815B0E450001CAC43 /* FibTest.hs */; };
		D090625015B0E613001CAC43 /* NSObject+OHExtensions.m in Sources */ = {isa = PBXBuildFile; fileRef = D090624E15B0E613001CAC43 /* NSObject+OHExtensions.m */; };
		D0C0168915BDF11300AED543 /* NSNumber.hs in Sources */ = {isa = PBXBuildFile; fileRef = D0C0168815BDF10A00AED543 /* NSNumber.hs */; };
		D0E61A7C15B4FFF300667D8A /* NSValue.hs in Sources */ = {isa = PBXBuildFile; fileRef = D0E61A6915B4FEDE00667D8A /* NSValue.hs */; };
		D0F3A2F115D353CB0032B8D9 /* OHBridged.h in Headers */ = {isa = PBXBuildFile; fileRef = D0F3A2F015D353CB0032B8D9 /* OHBridged.h */; settings = {ATTRIBUTES = (Public, ); }; };
		D0F3A2FD15D359650032B8D9 /* NSString+OHExtensions.h in Headers */ = {isa = PBXBuildFile; fileRef = D0F3A2FB15D359650032B8D9 /* NSString+OHExtensions.h */; settings = {ATTRIBUTES = (Public, ); }; };
		D0F3A2FE15D359650032B8D9 /* NSString+OHExtensions.m in Sources */ = {isa = PBXBuildFile; fileRef = D0F3A2FC15D359650032B8D9 /* NSString+OHExtensions.m */; };
		D0F3A30115D360B50032B8D9 /* NSNumber+OHExtensions.h in Headers */ = {isa = PBXBuildFile; fileRef = D0F3A2FF15D360B50032B8D9 /* NSNumber+OHExtensions.h */; settings = {ATTRIBUTES = (Public, ); }; };
		D0F3A30215D360B50032B8D9 /* NSNumber+OHExtensions.m in Sources */ = {isa = PBXBuildFile; fileRef = D0F3A30015D360B50032B8D9 /* NSNumber+OHExtensions.m */; };
		D0F3A31715D366730032B8D9 /* NSArray+OHExtensions.h in Headers */ = {isa = PBXBuildFile; fileRef = D0F3A31515D366730032B8D9 /* NSArray+OHExtensions.h */; settings = {ATTRIBUTES = (Public, ); }; };
		D0F3A31815D366730032B8D9 /* NSArray+OHExtensions.m in Sources */ = {isa = PBXBuildFile; fileRef = D0F3A31615D366730032B8D9 /* NSArray+OHExtensions.m */; };
		D0F3A31B15D36F5D0032B8D9 /* NSDictionary+OHExtensions.h in Headers */ = {isa = PBXBuildFile; fileRef = D0F3A31915D36F5D0032B8D9 /* NSDictionary+OHExtensions.h */; settings = {ATTRIBUTES = (Public, ); }; };
		D0F3A31C15D36F5D0032B8D9 /* NSDictionary+OHExtensions.m in Sources */ = {isa = PBXBuildFile; fileRef = D0F3A31A15D36F5D0032B8D9 /* NSDictionary+OHExtensions.m */; };
		D0F3A31F15D3717C0032B8D9 /* NSData+OHExtensions.h in Headers */ = {isa = PBXBuildFile; fileRef = D0F3A31D15D3717C0032B8D9 /* NSData+OHExtensions.h */; };
		D0F3A32015D3717C0032B8D9 /* NSData+OHExtensions.m in Sources */ = {isa = PBXBuildFile; fileRef = D0F3A31E15D3717C0032B8D9 /* NSData+OHExtensions.m */; };
/* End PBXBuildFile section */

/* Begin PBXBuildRule section */
		D090623115B0DF58001CAC43 /* PBXBuildRule */ = {
			isa = PBXBuildRule;
			compilerSpec = com.apple.compilers.proxy.script;
			filePatterns = "*.hs";
			fileType = pattern.proxy;
			isEditable = 1;
			outputFiles = (
				"$(INPUT_FILE_DIR)/$(INPUT_FILE_BASE)_stub.h",
				"$(INPUT_FILE_DIR)/$(INPUT_FILE_BASE).o",
			);
			script = Configuration/compileHaskell.sh;
		};
		D090624B15B0E4D5001CAC43 /* PBXBuildRule */ = {
			isa = PBXBuildRule;
			compilerSpec = com.apple.compilers.proxy.script;
			filePatterns = "*.hs";
			fileType = pattern.proxy;
			isEditable = 1;
			outputFiles = (
				"$(INPUT_FILE_DIR)/$(INPUT_FILE_BASE)_stub.h",
				"$(INPUT_FILE_DIR)/$(INPUT_FILE_BASE).o",
			);
			script = "Configuration/compileHaskell.sh -Wwarn";
		};
/* End PBXBuildRule section */

/* Begin PBXContainerItemProxy section */
		D08FC9D415C660670032E22A /* PBXContainerItemProxy */ = {
			isa = PBXContainerItemProxy;
			containerPortal = D08FC9CC15C660670032E22A /* libffi.xcodeproj */;
			proxyType = 2;
			remoteGlobalIDString = F6F980BA147386130008F121;
			remoteInfo = "libffi iOS";
		};
		D08FC9D615C660670032E22A /* PBXContainerItemProxy */ = {
			isa = PBXContainerItemProxy;
			containerPortal = D08FC9CC15C660670032E22A /* libffi.xcodeproj */;
			proxyType = 2;
			remoteGlobalIDString = 6C43CB3D1534E9D100162364;
			remoteInfo = "libffi OS X";
		};
		D08FC9D815C6606F0032E22A /* PBXContainerItemProxy */ = {
			isa = PBXContainerItemProxy;
			containerPortal = D08FC9CC15C660670032E22A /* libffi.xcodeproj */;
			proxyType = 1;
			remoteGlobalIDString = 6C43CB3C1534E9D100162364;
			remoteInfo = "libffi OS X";
		};
		D090620315B0DD38001CAC43 /* PBXContainerItemProxy */ = {
			isa = PBXContainerItemProxy;
			containerPortal = D09061E215B0DD37001CAC43 /* Project object */;
			proxyType = 1;
			remoteGlobalIDString = D09061EA15B0DD37001CAC43;
			remoteInfo = ObjectiveHaskell;
		};
/* End PBXContainerItemProxy section */

/* Begin PBXFileReference section */
		D0240FE515C6697D00B95C7C /* NSURL.hs */ = {isa = PBXFileReference; fileEncoding = 4; lastKnownFileType = text; path = NSURL.hs; sourceTree = "<group>"; };
		D0240FF015C66BAE00B95C7C /* Model.hs */ = {isa = PBXFileReference; fileEncoding = 4; lastKnownFileType = text; path = Model.hs; sourceTree = "<group>"; };
		D03E2D2B15B150CA00679DB0 /* MsgSendTest.hs */ = {isa = PBXFileReference; fileEncoding = 4; lastKnownFileType = text; path = MsgSendTest.hs; sourceTree = "<group>"; };
		D03E2D2D15B1599200679DB0 /* ObjC.hs */ = {isa = PBXFileReference; fileEncoding = 4; lastKnownFileType = text; path = ObjC.hs; sourceTree = "<group>"; };
		D045A10A15B2793D00DE48BF /* NSArray.hs */ = {isa = PBXFileReference; fileEncoding = 4; lastKnownFileType = text; path = NSArray.hs; sourceTree = "<group>"; };
		D045A10B15B2794400DE48BF /* NSDictionary.hs */ = {isa = PBXFileReference; fileEncoding = 4; lastKnownFileType = text; path = NSDictionary.hs; sourceTree = "<group>"; };
		D045A10F15B27B4900DE48BF /* NSString.hs */ = {isa = PBXFileReference; fileEncoding = 4; lastKnownFileType = text; path = NSString.hs; sourceTree = "<group>"; };
		D045A11415B2843000DE48BF /* BridgedObjectTest.hs */ = {isa = PBXFileReference; fileEncoding = 4; lastKnownFileType = text; path = BridgedObjectTest.hs; sourceTree = "<group>"; };
		D04FC23D15B2AAC300C58F14 /* compileHaskell.sh */ = {isa = PBXFileReference; lastKnownFileType = text.script.sh; path = compileHaskell.sh; sourceTree = "<group>"; };
		D04FC25915B2B26000C58F14 /* THUtils.hs */ = {isa = PBXFileReference; fileEncoding = 4; lastKnownFileType = text; path = THUtils.hs; sourceTree = "<group>"; };
		D06197A315BB870700EE5006 /* SafeHaskellTest.hs */ = {isa = PBXFileReference; fileEncoding = 4; lastKnownFileType = text; path = SafeHaskellTest.hs; sourceTree = "<group>"; };
		D062D78D15B38B80003871F7 /* NSData.hs */ = {isa = PBXFileReference; fileEncoding = 4; lastKnownFileType = text; path = NSData.hs; sourceTree = "<group>"; };
		D08A8AE715CBBC6D0084E989 /* OHModel.h */ = {isa = PBXFileReference; fileEncoding = 4; lastKnownFileType = sourcecode.c.h; path = OHModel.h; sourceTree = "<group>"; };
		D08A8AE815CBBC6D0084E989 /* OHModel.m */ = {isa = PBXFileReference; fileEncoding = 4; lastKnownFileType = sourcecode.c.objc; path = OHModel.m; sourceTree = "<group>"; };
		D08A8AEB15CBBF200084E989 /* OHTypes.h */ = {isa = PBXFileReference; fileEncoding = 4; lastKnownFileType = sourcecode.c.h; path = OHTypes.h; sourceTree = "<group>"; };
		D08A8AEE15CBC2A10084E989 /* EXTRuntimeExtensions.h */ = {isa = PBXFileReference; lastKnownFileType = sourcecode.c.h; name = EXTRuntimeExtensions.h; path = libextobjc/extobjc/EXTRuntimeExtensions.h; sourceTree = "<group>"; };
		D08A8AEF15CBC2A10084E989 /* EXTRuntimeExtensions.m */ = {isa = PBXFileReference; lastKnownFileType = sourcecode.c.objc; name = EXTRuntimeExtensions.m; path = libextobjc/extobjc/EXTRuntimeExtensions.m; sourceTree = "<group>"; };
		D08A8AF015CBC2A10084E989 /* EXTScope.h */ = {isa = PBXFileReference; lastKnownFileType = sourcecode.c.h; name = EXTScope.h; path = libextobjc/extobjc/EXTScope.h; sourceTree = "<group>"; };
		D08A8AF115CBC2A10084E989 /* EXTScope.m */ = {isa = PBXFileReference; lastKnownFileType = sourcecode.c.objc; name = EXTScope.m; path = libextobjc/extobjc/EXTScope.m; sourceTree = "<group>"; };
		D08A8AF215CBC2A10084E989 /* metamacros.h */ = {isa = PBXFileReference; lastKnownFileType = sourcecode.c.h; name = metamacros.h; path = libextobjc/extobjc/metamacros.h; sourceTree = "<group>"; };
		D08FC9CC15C660670032E22A /* libffi.xcodeproj */ = {isa = PBXFileReference; lastKnownFileType = "wrapper.pb-project"; name = libffi.xcodeproj; path = libextobjc/libffi/libffi.xcodeproj; sourceTree = "<group>"; };
		D08FC9DC15C660880032E22A /* Common.xcconfig */ = {isa = PBXFileReference; lastKnownFileType = text.xcconfig; path = Common.xcconfig; sourceTree = "<group>"; };
		D08FC9DE15C660880032E22A /* Debug.xcconfig */ = {isa = PBXFileReference; lastKnownFileType = text.xcconfig; path = Debug.xcconfig; sourceTree = "<group>"; };
		D08FC9DF15C660880032E22A /* Profile.xcconfig */ = {isa = PBXFileReference; lastKnownFileType = text.xcconfig; path = Profile.xcconfig; sourceTree = "<group>"; };
		D08FC9E015C660880032E22A /* Release.xcconfig */ = {isa = PBXFileReference; lastKnownFileType = text.xcconfig; path = Release.xcconfig; sourceTree = "<group>"; };
		D08FC9E215C660880032E22A /* Application.xcconfig */ = {isa = PBXFileReference; lastKnownFileType = text.xcconfig; path = Application.xcconfig; sourceTree = "<group>"; };
		D08FC9E315C660880032E22A /* StaticLibrary.xcconfig */ = {isa = PBXFileReference; lastKnownFileType = text.xcconfig; path = StaticLibrary.xcconfig; sourceTree = "<group>"; };
		D08FC9E515C660880032E22A /* iOS-Application.xcconfig */ = {isa = PBXFileReference; lastKnownFileType = text.xcconfig; path = "iOS-Application.xcconfig"; sourceTree = "<group>"; };
		D08FC9E615C660880032E22A /* iOS-Base.xcconfig */ = {isa = PBXFileReference; lastKnownFileType = text.xcconfig; path = "iOS-Base.xcconfig"; sourceTree = "<group>"; };
		D08FC9E715C660880032E22A /* iOS-StaticLibrary.xcconfig */ = {isa = PBXFileReference; lastKnownFileType = text.xcconfig; path = "iOS-StaticLibrary.xcconfig"; sourceTree = "<group>"; };
		D08FC9E915C660880032E22A /* Mac-Application.xcconfig */ = {isa = PBXFileReference; lastKnownFileType = text.xcconfig; path = "Mac-Application.xcconfig"; sourceTree = "<group>"; };
		D08FC9EA15C660880032E22A /* Mac-Base.xcconfig */ = {isa = PBXFileReference; lastKnownFileType = text.xcconfig; path = "Mac-Base.xcconfig"; sourceTree = "<group>"; };
		D08FC9EB15C660880032E22A /* Mac-DynamicLibrary.xcconfig */ = {isa = PBXFileReference; lastKnownFileType = text.xcconfig; path = "Mac-DynamicLibrary.xcconfig"; sourceTree = "<group>"; };
		D08FC9EC15C660880032E22A /* Mac-Framework.xcconfig */ = {isa = PBXFileReference; lastKnownFileType = text.xcconfig; path = "Mac-Framework.xcconfig"; sourceTree = "<group>"; };
		D08FC9ED15C660880032E22A /* Mac-StaticLibrary.xcconfig */ = {isa = PBXFileReference; lastKnownFileType = text.xcconfig; path = "Mac-StaticLibrary.xcconfig"; sourceTree = "<group>"; };
		D09061EB15B0DD37001CAC43 /* libObjectiveHaskell.a */ = {isa = PBXFileReference; explicitFileType = archive.ar; includeInIndex = 0; path = libObjectiveHaskell.a; sourceTree = BUILT_PRODUCTS_DIR; };
		D09061EE15B0DD37001CAC43 /* Cocoa.framework */ = {isa = PBXFileReference; lastKnownFileType = wrapper.framework; name = Cocoa.framework; path = System/Library/Frameworks/Cocoa.framework; sourceTree = SDKROOT; };
		D09061F115B0DD37001CAC43 /* AppKit.framework */ = {isa = PBXFileReference; lastKnownFileType = wrapper.framework; name = AppKit.framework; path = System/Library/Frameworks/AppKit.framework; sourceTree = SDKROOT; };
		D09061F215B0DD37001CAC43 /* CoreData.framework */ = {isa = PBXFileReference; lastKnownFileType = wrapper.framework; name = CoreData.framework; path = System/Library/Frameworks/CoreData.framework; sourceTree = SDKROOT; };
		D09061F315B0DD37001CAC43 /* Foundation.framework */ = {isa = PBXFileReference; lastKnownFileType = wrapper.framework; name = Foundation.framework; path = System/Library/Frameworks/Foundation.framework; sourceTree = SDKROOT; };
		D09061F615B0DD37001CAC43 /* ObjectiveHaskell-Prefix.pch */ = {isa = PBXFileReference; lastKnownFileType = sourcecode.c.h; path = "ObjectiveHaskell-Prefix.pch"; sourceTree = "<group>"; };
		D09061F715B0DD37001CAC43 /* ObjectiveHaskell.h */ = {isa = PBXFileReference; lastKnownFileType = sourcecode.c.h; path = ObjectiveHaskell.h; sourceTree = "<group>"; };
		D09061FF15B0DD38001CAC43 /* ObjectiveHaskellTests Mac.octest */ = {isa = PBXFileReference; explicitFileType = wrapper.cfbundle; includeInIndex = 0; path = "ObjectiveHaskellTests Mac.octest"; sourceTree = BUILT_PRODUCTS_DIR; };
		D090620015B0DD38001CAC43 /* SenTestingKit.framework */ = {isa = PBXFileReference; lastKnownFileType = wrapper.framework; name = SenTestingKit.framework; path = Library/Frameworks/SenTestingKit.framework; sourceTree = DEVELOPER_DIR; };
		D090620815B0DD38001CAC43 /* ObjectiveHaskellTests-Info.plist */ = {isa = PBXFileReference; lastKnownFileType = text.plist.xml; path = "ObjectiveHaskellTests-Info.plist"; sourceTree = "<group>"; };
		D090620A15B0DD38001CAC43 /* en */ = {isa = PBXFileReference; lastKnownFileType = text.plist.strings; name = en; path = en.lproj/InfoPlist.strings; sourceTree = "<group>"; };
		D090620C15B0DD38001CAC43 /* ObjectiveHaskellTests.h */ = {isa = PBXFileReference; lastKnownFileType = sourcecode.c.h; path = ObjectiveHaskellTests.h; sourceTree = "<group>"; };
		D090620D15B0DD38001CAC43 /* ObjectiveHaskellTests.m */ = {isa = PBXFileReference; lastKnownFileType = sourcecode.c.objc; path = ObjectiveHaskellTests.m; sourceTree = "<group>"; };
		D090623915B0E2DA001CAC43 /* ObjectiveHaskell-Debug.xcconfig */ = {isa = PBXFileReference; lastKnownFileType = text.xcconfig; path = "ObjectiveHaskell-Debug.xcconfig"; sourceTree = "<group>"; };
		D090623A15B0E2DA001CAC43 /* ObjectiveHaskell-Profile.xcconfig */ = {isa = PBXFileReference; lastKnownFileType = text.xcconfig; path = "ObjectiveHaskell-Profile.xcconfig"; sourceTree = "<group>"; };
		D090623B15B0E2DA001CAC43 /* ObjectiveHaskell-Release.xcconfig */ = {isa = PBXFileReference; lastKnownFileType = text.xcconfig; path = "ObjectiveHaskell-Release.xcconfig"; sourceTree = "<group>"; };
		D090623C15B0E2DA001CAC43 /* ObjectiveHaskell.xcconfig */ = {isa = PBXFileReference; lastKnownFileType = text.xcconfig; path = ObjectiveHaskell.xcconfig; sourceTree = "<group>"; };
		D090624815B0E450001CAC43 /* FibTest.hs */ = {isa = PBXFileReference; fileEncoding = 4; lastKnownFileType = text; path = FibTest.hs; sourceTree = "<group>"; };
		D090624E15B0E613001CAC43 /* NSObject+OHExtensions.m */ = {isa = PBXFileReference; fileEncoding = 4; lastKnownFileType = sourcecode.c.objc; path = "NSObject+OHExtensions.m"; sourceTree = "<group>"; };
		D0C0168815BDF10A00AED543 /* NSNumber.hs */ = {isa = PBXFileReference; fileEncoding = 4; lastKnownFileType = text; path = NSNumber.hs; sourceTree = "<group>"; };
		D0E525ED15B1122500C13802 /* MsgSend.hs */ = {isa = PBXFileReference; fileEncoding = 4; lastKnownFileType = text; path = MsgSend.hs; sourceTree = "<group>"; };
		D0E61A6915B4FEDE00667D8A /* NSValue.hs */ = {isa = PBXFileReference; fileEncoding = 4; lastKnownFileType = text; path = NSValue.hs; sourceTree = "<group>"; };
		D0F3A2F015D353CB0032B8D9 /* OHBridged.h */ = {isa = PBXFileReference; fileEncoding = 4; lastKnownFileType = sourcecode.c.h; path = OHBridged.h; sourceTree = "<group>"; };
		D0F3A2FB15D359650032B8D9 /* NSString+OHExtensions.h */ = {isa = PBXFileReference; fileEncoding = 4; lastKnownFileType = sourcecode.c.h; path = "NSString+OHExtensions.h"; sourceTree = "<group>"; };
		D0F3A2FC15D359650032B8D9 /* NSString+OHExtensions.m */ = {isa = PBXFileReference; fileEncoding = 4; lastKnownFileType = sourcecode.c.objc; path = "NSString+OHExtensions.m"; sourceTree = "<group>"; };
		D0F3A2FF15D360B50032B8D9 /* NSNumber+OHExtensions.h */ = {isa = PBXFileReference; fileEncoding = 4; lastKnownFileType = sourcecode.c.h; path = "NSNumber+OHExtensions.h"; sourceTree = "<group>"; };
		D0F3A30015D360B50032B8D9 /* NSNumber+OHExtensions.m */ = {isa = PBXFileReference; fileEncoding = 4; lastKnownFileType = sourcecode.c.objc; path = "NSNumber+OHExtensions.m"; sourceTree = "<group>"; };
		D0F3A31515D366730032B8D9 /* NSArray+OHExtensions.h */ = {isa = PBXFileReference; fileEncoding = 4; lastKnownFileType = sourcecode.c.h; path = "NSArray+OHExtensions.h"; sourceTree = "<group>"; };
		D0F3A31615D366730032B8D9 /* NSArray+OHExtensions.m */ = {isa = PBXFileReference; fileEncoding = 4; lastKnownFileType = sourcecode.c.objc; path = "NSArray+OHExtensions.m"; sourceTree = "<group>"; };
		D0F3A31915D36F5D0032B8D9 /* NSDictionary+OHExtensions.h */ = {isa = PBXFileReference; fileEncoding = 4; lastKnownFileType = sourcecode.c.h; path = "NSDictionary+OHExtensions.h"; sourceTree = "<group>"; };
		D0F3A31A15D36F5D0032B8D9 /* NSDictionary+OHExtensions.m */ = {isa = PBXFileReference; fileEncoding = 4; lastKnownFileType = sourcecode.c.objc; path = "NSDictionary+OHExtensions.m"; sourceTree = "<group>"; };
		D0F3A31D15D3717C0032B8D9 /* NSData+OHExtensions.h */ = {isa = PBXFileReference; fileEncoding = 4; lastKnownFileType = sourcecode.c.h; path = "NSData+OHExtensions.h"; sourceTree = "<group>"; };
		D0F3A31E15D3717C0032B8D9 /* NSData+OHExtensions.m */ = {isa = PBXFileReference; fileEncoding = 4; lastKnownFileType = sourcecode.c.objc; path = "NSData+OHExtensions.m"; sourceTree = "<group>"; };
/* End PBXFileReference section */

/* Begin PBXFrameworksBuildPhase section */
		D09061E815B0DD37001CAC43 /* Frameworks */ = {
			isa = PBXFrameworksBuildPhase;
			buildActionMask = 2147483647;
			files = (
				D08FC9DA15C660730032E22A /* libffi.a in Frameworks */,
				D09061EF15B0DD37001CAC43 /* Cocoa.framework in Frameworks */,
			);
			runOnlyForDeploymentPostprocessing = 0;
		};
		D09061FB15B0DD38001CAC43 /* Frameworks */ = {
			isa = PBXFrameworksBuildPhase;
			buildActionMask = 2147483647;
			files = (
				D090620115B0DD38001CAC43 /* SenTestingKit.framework in Frameworks */,
				D090620215B0DD38001CAC43 /* Cocoa.framework in Frameworks */,
				D090620515B0DD38001CAC43 /* libObjectiveHaskell.a in Frameworks */,
			);
			runOnlyForDeploymentPostprocessing = 0;
		};
/* End PBXFrameworksBuildPhase section */

/* Begin PBXGroup section */
		D08A8AE415CBBC3B0084E989 /* Objective-C */ = {
			isa = PBXGroup;
			children = (
				D0F3A31515D366730032B8D9 /* NSArray+OHExtensions.h */,
				D0F3A31615D366730032B8D9 /* NSArray+OHExtensions.m */,
				D0F3A31D15D3717C0032B8D9 /* NSData+OHExtensions.h */,
				D0F3A31E15D3717C0032B8D9 /* NSData+OHExtensions.m */,
				D0F3A31915D36F5D0032B8D9 /* NSDictionary+OHExtensions.h */,
				D0F3A31A15D36F5D0032B8D9 /* NSDictionary+OHExtensions.m */,
				D0F3A2FF15D360B50032B8D9 /* NSNumber+OHExtensions.h */,
				D0F3A30015D360B50032B8D9 /* NSNumber+OHExtensions.m */,
				D090624E15B0E613001CAC43 /* NSObject+OHExtensions.m */,
				D0F3A2FB15D359650032B8D9 /* NSString+OHExtensions.h */,
				D0F3A2FC15D359650032B8D9 /* NSString+OHExtensions.m */,
				D0F3A2F015D353CB0032B8D9 /* OHBridged.h */,
				D08A8AE715CBBC6D0084E989 /* OHModel.h */,
				D08A8AE815CBBC6D0084E989 /* OHModel.m */,
				D08A8AEB15CBBF200084E989 /* OHTypes.h */,
			);
			name = "Objective-C";
			sourceTree = "<group>";
		};
		D08A8AED15CBC2970084E989 /* libextobjc */ = {
			isa = PBXGroup;
			children = (
				D08A8AEE15CBC2A10084E989 /* EXTRuntimeExtensions.h */,
				D08A8AEF15CBC2A10084E989 /* EXTRuntimeExtensions.m */,
				D08A8AF015CBC2A10084E989 /* EXTScope.h */,
				D08A8AF115CBC2A10084E989 /* EXTScope.m */,
				D08A8AF215CBC2A10084E989 /* metamacros.h */,
			);
			name = libextobjc;
			sourceTree = "<group>";
		};
		D08FC9CD15C660670032E22A /* Products */ = {
			isa = PBXGroup;
			children = (
				D08FC9D515C660670032E22A /* libffi.a */,
				D08FC9D715C660670032E22A /* libffi.a */,
			);
			name = Products;
			sourceTree = "<group>";
		};
		D08FC9DB15C660880032E22A /* Base */ = {
			isa = PBXGroup;
			children = (
				D08FC9DC15C660880032E22A /* Common.xcconfig */,
				D08FC9DD15C660880032E22A /* Configurations */,
				D08FC9E115C660880032E22A /* Targets */,
			);
			name = Base;
			path = libextobjc/Configuration/Base;
			sourceTree = SOURCE_ROOT;
		};
		D08FC9DD15C660880032E22A /* Configurations */ = {
			isa = PBXGroup;
			children = (
				D08FC9DE15C660880032E22A /* Debug.xcconfig */,
				D08FC9DF15C660880032E22A /* Profile.xcconfig */,
				D08FC9E015C660880032E22A /* Release.xcconfig */,
			);
			path = Configurations;
			sourceTree = "<group>";
		};
		D08FC9E115C660880032E22A /* Targets */ = {
			isa = PBXGroup;
			children = (
				D08FC9E215C660880032E22A /* Application.xcconfig */,
				D08FC9E315C660880032E22A /* StaticLibrary.xcconfig */,
			);
			path = Targets;
			sourceTree = "<group>";
		};
		D08FC9E415C660880032E22A /* iOS */ = {
			isa = PBXGroup;
			children = (
				D08FC9E515C660880032E22A /* iOS-Application.xcconfig */,
				D08FC9E615C660880032E22A /* iOS-Base.xcconfig */,
				D08FC9E715C660880032E22A /* iOS-StaticLibrary.xcconfig */,
			);
			name = iOS;
			path = libextobjc/Configuration/iOS;
			sourceTree = SOURCE_ROOT;
		};
		D08FC9E815C660880032E22A /* Mac OS X */ = {
			isa = PBXGroup;
			children = (
				D08FC9E915C660880032E22A /* Mac-Application.xcconfig */,
				D08FC9EA15C660880032E22A /* Mac-Base.xcconfig */,
				D08FC9EB15C660880032E22A /* Mac-DynamicLibrary.xcconfig */,
				D08FC9EC15C660880032E22A /* Mac-Framework.xcconfig */,
				D08FC9ED15C660880032E22A /* Mac-StaticLibrary.xcconfig */,
			);
			name = "Mac OS X";
			path = "libextobjc/Configuration/Mac OS X";
			sourceTree = SOURCE_ROOT;
		};
		D09061E015B0DD37001CAC43 = {
			isa = PBXGroup;
			children = (
				D09061F415B0DD37001CAC43 /* ObjectiveHaskell */,
				D090620615B0DD38001CAC43 /* ObjectiveHaskellTests */,
				D090621715B0DE72001CAC43 /* Configuration */,
				D09061ED15B0DD37001CAC43 /* Frameworks */,
				D09061EC15B0DD37001CAC43 /* Products */,
			);
			sourceTree = "<group>";
		};
		D09061EC15B0DD37001CAC43 /* Products */ = {
			isa = PBXGroup;
			children = (
				D09061EB15B0DD37001CAC43 /* libObjectiveHaskell.a */,
				D09061FF15B0DD38001CAC43 /* ObjectiveHaskellTests Mac.octest */,
			);
			name = Products;
			sourceTree = "<group>";
		};
		D09061ED15B0DD37001CAC43 /* Frameworks */ = {
			isa = PBXGroup;
			children = (
				D08A8AED15CBC2970084E989 /* libextobjc */,
				D08FC9CC15C660670032E22A /* libffi.xcodeproj */,
				D09061EE15B0DD37001CAC43 /* Cocoa.framework */,
				D090620015B0DD38001CAC43 /* SenTestingKit.framework */,
				D09061F015B0DD37001CAC43 /* Other Frameworks */,
			);
			name = Frameworks;
			sourceTree = "<group>";
		};
		D09061F015B0DD37001CAC43 /* Other Frameworks */ = {
			isa = PBXGroup;
			children = (
				D09061F115B0DD37001CAC43 /* AppKit.framework */,
				D09061F215B0DD37001CAC43 /* CoreData.framework */,
				D09061F315B0DD37001CAC43 /* Foundation.framework */,
			);
			name = "Other Frameworks";
			sourceTree = "<group>";
		};
		D09061F415B0DD37001CAC43 /* ObjectiveHaskell */ = {
			isa = PBXGroup;
			children = (
				D09061F715B0DD37001CAC43 /* ObjectiveHaskell.h */,
				D0E525EB15B111E500C13802 /* Haskell */,
				D08A8AE415CBBC3B0084E989 /* Objective-C */,
				D09061F515B0DD37001CAC43 /* Supporting Files */,
			);
			path = ObjectiveHaskell;
			sourceTree = "<group>";
		};
		D09061F515B0DD37001CAC43 /* Supporting Files */ = {
			isa = PBXGroup;
			children = (
				D09061F615B0DD37001CAC43 /* ObjectiveHaskell-Prefix.pch */,
			);
			name = "Supporting Files";
			sourceTree = "<group>";
		};
		D090620615B0DD38001CAC43 /* ObjectiveHaskellTests */ = {
			isa = PBXGroup;
			children = (
				D090624715B0E43F001CAC43 /* Haskell */,
				D090624515B0E43C001CAC43 /* Objective-C */,
				D090620715B0DD38001CAC43 /* Supporting Files */,
			);
			path = ObjectiveHaskellTests;
			sourceTree = "<group>";
		};
		D090620715B0DD38001CAC43 /* Supporting Files */ = {
			isa = PBXGroup;
			children = (
				D090620815B0DD38001CAC43 /* ObjectiveHaskellTests-Info.plist */,
				D090620915B0DD38001CAC43 /* InfoPlist.strings */,
			);
			name = "Supporting Files";
			sourceTree = "<group>";
		};
		D090621715B0DE72001CAC43 /* Configuration */ = {
			isa = PBXGroup;
			children = (
				D04FC23D15B2AAC300C58F14 /* compileHaskell.sh */,
				D090623915B0E2DA001CAC43 /* ObjectiveHaskell-Debug.xcconfig */,
				D090623A15B0E2DA001CAC43 /* ObjectiveHaskell-Profile.xcconfig */,
				D090623B15B0E2DA001CAC43 /* ObjectiveHaskell-Release.xcconfig */,
				D090623C15B0E2DA001CAC43 /* ObjectiveHaskell.xcconfig */,
				D08FC9DB15C660880032E22A /* Base */,
				D08FC9E415C660880032E22A /* iOS */,
				D08FC9E815C660880032E22A /* Mac OS X */,
			);
			path = Configuration;
			sourceTree = "<group>";
		};
		D090624515B0E43C001CAC43 /* Objective-C */ = {
			isa = PBXGroup;
			children = (
				D090620C15B0DD38001CAC43 /* ObjectiveHaskellTests.h */,
				D090620D15B0DD38001CAC43 /* ObjectiveHaskellTests.m */,
			);
			name = "Objective-C";
			sourceTree = "<group>";
		};
		D090624715B0E43F001CAC43 /* Haskell */ = {
			isa = PBXGroup;
			children = (
				D045A11415B2843000DE48BF /* BridgedObjectTest.hs */,
				D090624815B0E450001CAC43 /* FibTest.hs */,
				D03E2D2B15B150CA00679DB0 /* MsgSendTest.hs */,
				D06197A315BB870700EE5006 /* SafeHaskellTest.hs */,
			);
			name = Haskell;
			sourceTree = "<group>";
		};
		D0E525EB15B111E500C13802 /* Haskell */ = {
			isa = PBXGroup;
			children = (
				D0240FF015C66BAE00B95C7C /* Model.hs */,
				D0E525ED15B1122500C13802 /* MsgSend.hs */,
				D045A10A15B2793D00DE48BF /* NSArray.hs */,
				D062D78D15B38B80003871F7 /* NSData.hs */,
				D045A10B15B2794400DE48BF /* NSDictionary.hs */,
				D0C0168815BDF10A00AED543 /* NSNumber.hs */,
				D045A10F15B27B4900DE48BF /* NSString.hs */,
				D0240FE515C6697D00B95C7C /* NSURL.hs */,
				D0E61A6915B4FEDE00667D8A /* NSValue.hs */,
				D03E2D2D15B1599200679DB0 /* ObjC.hs */,
				D04FC25915B2B26000C58F14 /* THUtils.hs */,
			);
			name = Haskell;
			sourceTree = "<group>";
		};
/* End PBXGroup section */

/* Begin PBXHeadersBuildPhase section */
		D09061E915B0DD37001CAC43 /* Headers */ = {
			isa = PBXHeadersBuildPhase;
			buildActionMask = 2147483647;
			files = (
				D08A8AE915CBBC6D0084E989 /* OHModel.h in Headers */,
				D08A8AEC15CBBF200084E989 /* OHTypes.h in Headers */,
				D0F3A2F115D353CB0032B8D9 /* OHBridged.h in Headers */,
				D0F3A2FD15D359650032B8D9 /* NSString+OHExtensions.h in Headers */,
				D0F3A30115D360B50032B8D9 /* NSNumber+OHExtensions.h in Headers */,
				D0F3A31715D366730032B8D9 /* NSArray+OHExtensions.h in Headers */,
				D0F3A31B15D36F5D0032B8D9 /* NSDictionary+OHExtensions.h in Headers */,
				D0F3A31F15D3717C0032B8D9 /* NSData+OHExtensions.h in Headers */,
			);
			runOnlyForDeploymentPostprocessing = 0;
		};
/* End PBXHeadersBuildPhase section */

/* Begin PBXNativeTarget section */
		D09061EA15B0DD37001CAC43 /* ObjectiveHaskell Mac */ = {
			isa = PBXNativeTarget;
			buildConfigurationList = D090621115B0DD38001CAC43 /* Build configuration list for PBXNativeTarget "ObjectiveHaskell Mac" */;
			buildPhases = (
				D09061E715B0DD37001CAC43 /* Sources */,
				D09061E815B0DD37001CAC43 /* Frameworks */,
				D09061E915B0DD37001CAC43 /* Headers */,
			);
			buildRules = (
				D090623115B0DF58001CAC43 /* PBXBuildRule */,
			);
			dependencies = (
				D08FC9D915C6606F0032E22A /* PBXTargetDependency */,
			);
			name = "ObjectiveHaskell Mac";
			productName = ObjectiveHaskell;
			productReference = D09061EB15B0DD37001CAC43 /* libObjectiveHaskell.a */;
			productType = "com.apple.product-type.library.static";
		};
		D09061FE15B0DD38001CAC43 /* ObjectiveHaskellTests Mac */ = {
			isa = PBXNativeTarget;
			buildConfigurationList = D090621415B0DD38001CAC43 /* Build configuration list for PBXNativeTarget "ObjectiveHaskellTests Mac" */;
			buildPhases = (
				D09061FA15B0DD38001CAC43 /* Sources */,
				D09061FB15B0DD38001CAC43 /* Frameworks */,
				D09061FC15B0DD38001CAC43 /* Resources */,
				D09061FD15B0DD38001CAC43 /* ShellScript */,
			);
			buildRules = (
				D090624B15B0E4D5001CAC43 /* PBXBuildRule */,
			);
			dependencies = (
				D090620415B0DD38001CAC43 /* PBXTargetDependency */,
			);
			name = "ObjectiveHaskellTests Mac";
			productName = ObjectiveHaskellTests;
			productReference = D09061FF15B0DD38001CAC43 /* ObjectiveHaskellTests Mac.octest */;
			productType = "com.apple.product-type.bundle";
		};
/* End PBXNativeTarget section */

/* Begin PBXProject section */
		D09061E215B0DD37001CAC43 /* Project object */ = {
			isa = PBXProject;
			attributes = {
				LastUpgradeCheck = 0450;
				ORGANIZATIONNAME = "Justin Spahr-Summers";
			};
			buildConfigurationList = D09061E515B0DD37001CAC43 /* Build configuration list for PBXProject "ObjectiveHaskell" */;
			compatibilityVersion = "Xcode 3.2";
			developmentRegion = English;
			hasScannedForEncodings = 0;
			knownRegions = (
				en,
			);
			mainGroup = D09061E015B0DD37001CAC43;
			productRefGroup = D09061EC15B0DD37001CAC43 /* Products */;
			projectDirPath = "";
			projectReferences = (
				{
					ProductGroup = D08FC9CD15C660670032E22A /* Products */;
					ProjectRef = D08FC9CC15C660670032E22A /* libffi.xcodeproj */;
				},
			);
			projectRoot = "";
			targets = (
				D09061EA15B0DD37001CAC43 /* ObjectiveHaskell Mac */,
				D09061FE15B0DD38001CAC43 /* ObjectiveHaskellTests Mac */,
			);
		};
/* End PBXProject section */

/* Begin PBXReferenceProxy section */
		D08FC9D515C660670032E22A /* libffi.a */ = {
			isa = PBXReferenceProxy;
			fileType = archive.ar;
			path = libffi.a;
			remoteRef = D08FC9D415C660670032E22A /* PBXContainerItemProxy */;
			sourceTree = BUILT_PRODUCTS_DIR;
		};
		D08FC9D715C660670032E22A /* libffi.a */ = {
			isa = PBXReferenceProxy;
			fileType = archive.ar;
			path = libffi.a;
			remoteRef = D08FC9D615C660670032E22A /* PBXContainerItemProxy */;
			sourceTree = BUILT_PRODUCTS_DIR;
		};
/* End PBXReferenceProxy section */

/* Begin PBXResourcesBuildPhase section */
		D09061FC15B0DD38001CAC43 /* Resources */ = {
			isa = PBXResourcesBuildPhase;
			buildActionMask = 2147483647;
			files = (
				D090620B15B0DD38001CAC43 /* InfoPlist.strings in Resources */,
			);
			runOnlyForDeploymentPostprocessing = 0;
		};
/* End PBXResourcesBuildPhase section */

/* Begin PBXShellScriptBuildPhase section */
		D09061FD15B0DD38001CAC43 /* ShellScript */ = {
			isa = PBXShellScriptBuildPhase;
			buildActionMask = 2147483647;
			files = (
			);
			inputPaths = (
			);
			outputPaths = (
			);
			runOnlyForDeploymentPostprocessing = 0;
			shellPath = /bin/sh;
			shellScript = "# Run the unit tests in this test bundle.\n\"${SYSTEM_DEVELOPER_DIR}/Tools/RunUnitTests\"\n";
		};
/* End PBXShellScriptBuildPhase section */

/* Begin PBXSourcesBuildPhase section */
		D09061E715B0DD37001CAC43 /* Sources */ = {
			isa = PBXSourcesBuildPhase;
			buildActionMask = 2147483647;
			files = (
				D090625015B0E613001CAC43 /* NSObject+OHExtensions.m in Sources */,
				D03E2D2915B14C8500679DB0 /* MsgSend.hs in Sources */,
				D03E2D2E15B1599A00679DB0 /* ObjC.hs in Sources */,
				D045A10D15B27AD700DE48BF /* NSDictionary.hs in Sources */,
				D045A10C15B27AD600DE48BF /* NSArray.hs in Sources */,
				D045A11015B2807A00DE48BF /* NSString.hs in Sources */,
				D062D78E15B38B90003871F7 /* NSData.hs in Sources */,
				D0E61A7C15B4FFF300667D8A /* NSValue.hs in Sources */,
				D0C0168915BDF11300AED543 /* NSNumber.hs in Sources */,
				D0240FE615C6699500B95C7C /* NSURL.hs in Sources */,
				D0240FF115C66BBB00B95C7C /* Model.hs in Sources */,
				D04FC25A15B2B26F00C58F14 /* THUtils.hs in Sources */,
				D08A8AEA15CBBC6D0084E989 /* OHModel.m in Sources */,
				D08A8AF315CBC2A50084E989 /* EXTRuntimeExtensions.m in Sources */,
				D08A8AF415CBC2A90084E989 /* EXTScope.m in Sources */,
				D0F3A2FE15D359650032B8D9 /* NSString+OHExtensions.m in Sources */,
				D0F3A30215D360B50032B8D9 /* NSNumber+OHExtensions.m in Sources */,
				D0F3A31815D366730032B8D9 /* NSArray+OHExtensions.m in Sources */,
				D0F3A31C15D36F5D0032B8D9 /* NSDictionary+OHExtensions.m in Sources */,
				D0F3A32015D3717C0032B8D9 /* NSData+OHExtensions.m in Sources */,
			);
			runOnlyForDeploymentPostprocessing = 0;
		};
		D09061FA15B0DD38001CAC43 /* Sources */ = {
			isa = PBXSourcesBuildPhase;
			buildActionMask = 2147483647;
			files = (
				D090624A15B0E4C0001CAC43 /* FibTest.hs in Sources */,
				D03E2D2F15B15BB600679DB0 /* MsgSendTest.hs in Sources */,
				D045A11515B2843000DE48BF /* BridgedObjectTest.hs in Sources */,
				D06197A515BB871400EE5006 /* SafeHaskellTest.hs in Sources */,
				D090620E15B0DD38001CAC43 /* ObjectiveHaskellTests.m in Sources */,
			);
			runOnlyForDeploymentPostprocessing = 0;
		};
/* End PBXSourcesBuildPhase section */

/* Begin PBXTargetDependency section */
		D08FC9D915C6606F0032E22A /* PBXTargetDependency */ = {
			isa = PBXTargetDependency;
			name = "libffi OS X";
			targetProxy = D08FC9D815C6606F0032E22A /* PBXContainerItemProxy */;
		};
		D090620415B0DD38001CAC43 /* PBXTargetDependency */ = {
			isa = PBXTargetDependency;
			target = D09061EA15B0DD37001CAC43 /* ObjectiveHaskell Mac */;
			targetProxy = D090620315B0DD38001CAC43 /* PBXContainerItemProxy */;
		};
/* End PBXTargetDependency section */

/* Begin PBXVariantGroup section */
		D090620915B0DD38001CAC43 /* InfoPlist.strings */ = {
			isa = PBXVariantGroup;
			children = (
				D090620A15B0DD38001CAC43 /* en */,
			);
			name = InfoPlist.strings;
			sourceTree = "<group>";
		};
/* End PBXVariantGroup section */

/* Begin XCBuildConfiguration section */
		D0341CD015C649470064ABEC /* Profile */ = {
			isa = XCBuildConfiguration;
			baseConfigurationReference = D090623A15B0E2DA001CAC43 /* ObjectiveHaskell-Profile.xcconfig */;
			buildSettings = {
				ARCHS = "$(ARCHS_STANDARD_64_BIT)";
				CLANG_CXX_LANGUAGE_STANDARD = "gnu++0x";
				GCC_C_LANGUAGE_STANDARD = gnu99;
				MACOSX_DEPLOYMENT_TARGET = 10.7;
				SDKROOT = macosx;
			};
			name = Profile;
		};
		D0341CD115C649470064ABEC /* Profile */ = {
			isa = XCBuildConfiguration;
			baseConfigurationReference = D08FC9ED15C660880032E22A /* Mac-StaticLibrary.xcconfig */;
			buildSettings = {
				GCC_PREFIX_HEADER = "ObjectiveHaskell/ObjectiveHaskell-Prefix.pch";
				OTHER_LDFLAGS = (
					"-lHSrts",
					"-lHSghc-7.4.2",
					"-lHSbase-4.5.1.0",
					"-lHSghc-prim-0.2.0.0",
					"-lHSinteger-gmp-0.4.0.0",
					"-lHScontainers-0.4.2.1",
					"-lHStemplate-haskell-2.7.0.0",
					"-lHSbytestring-0.9.2.1",
					"-lHStext-0.11.2.0",
				);
				PRODUCT_NAME = ObjectiveHaskell;
			};
			name = Profile;
		};
		D0341CD215C649470064ABEC /* Profile */ = {
			isa = XCBuildConfiguration;
			baseConfigurationReference = D08FC9E915C660880032E22A /* Mac-Application.xcconfig */;
			buildSettings = {
				FRAMEWORK_SEARCH_PATHS = "\"$(DEVELOPER_LIBRARY_DIR)/Frameworks\"";
				GCC_PREFIX_HEADER = "ObjectiveHaskell/ObjectiveHaskell-Prefix.pch";
				INFOPLIST_FILE = "ObjectiveHaskellTests/ObjectiveHaskellTests-Info.plist";
				PRODUCT_NAME = "$(TARGET_NAME)";
				WRAPPER_EXTENSION = octest;
			};
			name = Profile;
		};
		D090620F15B0DD38001CAC43 /* Debug */ = {
			isa = XCBuildConfiguration;
			baseConfigurationReference = D090623915B0E2DA001CAC43 /* ObjectiveHaskell-Debug.xcconfig */;
			buildSettings = {
				ARCHS = "$(ARCHS_STANDARD_64_BIT)";
				CLANG_CXX_LANGUAGE_STANDARD = "gnu++0x";
				GCC_C_LANGUAGE_STANDARD = gnu99;
				MACOSX_DEPLOYMENT_TARGET = 10.7;
				SDKROOT = macosx;
			};
			name = Debug;
		};
		D090621015B0DD38001CAC43 /* Release */ = {
			isa = XCBuildConfiguration;
			baseConfigurationReference = D090623B15B0E2DA001CAC43 /* ObjectiveHaskell-Release.xcconfig */;
			buildSettings = {
				ARCHS = "$(ARCHS_STANDARD_64_BIT)";
				CLANG_CXX_LANGUAGE_STANDARD = "gnu++0x";
				GCC_C_LANGUAGE_STANDARD = gnu99;
				MACOSX_DEPLOYMENT_TARGET = 10.7;
				SDKROOT = macosx;
			};
			name = Release;
		};
		D090621215B0DD38001CAC43 /* Debug */ = {
			isa = XCBuildConfiguration;
			baseConfigurationReference = D08FC9ED15C660880032E22A /* Mac-StaticLibrary.xcconfig */;
			buildSettings = {
				GCC_PREFIX_HEADER = "ObjectiveHaskell/ObjectiveHaskell-Prefix.pch";
				OTHER_LDFLAGS = (
					"-lHSrts",
					"-lHSghc-7.4.2",
					"-lHSbase-4.5.1.0",
					"-lHSghc-prim-0.2.0.0",
					"-lHSinteger-gmp-0.4.0.0",
					"-lHScontainers-0.4.2.1",
					"-lHStemplate-haskell-2.7.0.0",
					"-lHSbytestring-0.9.2.1",
					"-lHStext-0.11.2.0",
				);
				PRODUCT_NAME = ObjectiveHaskell;
			};
			name = Debug;
		};
		D090621315B0DD38001CAC43 /* Release */ = {
			isa = XCBuildConfiguration;
			baseConfigurationReference = D08FC9ED15C660880032E22A /* Mac-StaticLibrary.xcconfig */;
			buildSettings = {
				GCC_PREFIX_HEADER = "ObjectiveHaskell/ObjectiveHaskell-Prefix.pch";
				OTHER_LDFLAGS = (
					"-lHSrts",
					"-lHSghc-7.4.2",
					"-lHSbase-4.5.1.0",
					"-lHSghc-prim-0.2.0.0",
					"-lHSinteger-gmp-0.4.0.0",
					"-lHScontainers-0.4.2.1",
					"-lHStemplate-haskell-2.7.0.0",
					"-lHSbytestring-0.9.2.1",
					"-lHStext-0.11.2.0",
				);
				PRODUCT_NAME = ObjectiveHaskell;
			};
			name = Release;
		};
		D090621515B0DD38001CAC43 /* Debug */ = {
			isa = XCBuildConfiguration;
			baseConfigurationReference = D08FC9E915C660880032E22A /* Mac-Application.xcconfig */;
			buildSettings = {
				FRAMEWORK_SEARCH_PATHS = "\"$(DEVELOPER_LIBRARY_DIR)/Frameworks\"";
				GCC_PREFIX_HEADER = "ObjectiveHaskell/ObjectiveHaskell-Prefix.pch";
				INFOPLIST_FILE = "ObjectiveHaskellTests/ObjectiveHaskellTests-Info.plist";
				PRODUCT_NAME = "$(TARGET_NAME)";
				WRAPPER_EXTENSION = octest;
			};
			name = Debug;
		};
		D090621615B0DD38001CAC43 /* Release */ = {
			isa = XCBuildConfiguration;
			baseConfigurationReference = D08FC9E915C660880032E22A /* Mac-Application.xcconfig */;
			buildSettings = {
				FRAMEWORK_SEARCH_PATHS = "\"$(DEVELOPER_LIBRARY_DIR)/Frameworks\"";
				GCC_PREFIX_HEADER = "ObjectiveHaskell/ObjectiveHaskell-Prefix.pch";
				INFOPLIST_FILE = "ObjectiveHaskellTests/ObjectiveHaskellTests-Info.plist";
				PRODUCT_NAME = "$(TARGET_NAME)";
				WRAPPER_EXTENSION = octest;
			};
			name = Release;
		};
/* End XCBuildConfiguration section */

/* Begin XCConfigurationList section */
		D09061E515B0DD37001CAC43 /* Build configuration list for PBXProject "ObjectiveHaskell" */ = {
			isa = XCConfigurationList;
			buildConfigurations = (
				D090620F15B0DD38001CAC43 /* Debug */,
				D090621015B0DD38001CAC43 /* Release */,
				D0341CD015C649470064ABEC /* Profile */,
			);
			defaultConfigurationIsVisible = 0;
			defaultConfigurationName = Release;
		};
		D090621115B0DD38001CAC43 /* Build configuration list for PBXNativeTarget "ObjectiveHaskell Mac" */ = {
			isa = XCConfigurationList;
			buildConfigurations = (
				D090621215B0DD38001CAC43 /* Debug */,
				D090621315B0DD38001CAC43 /* Release */,
				D0341CD115C649470064ABEC /* Profile */,
			);
			defaultConfigurationIsVisible = 0;
			defaultConfigurationName = Release;
		};
		D090621415B0DD38001CAC43 /* Build configuration list for PBXNativeTarget "ObjectiveHaskellTests Mac" */ = {
			isa = XCConfigurationList;
			buildConfigurations = (
				D090621515B0DD38001CAC43 /* Debug */,
				D090621615B0DD38001CAC43 /* Release */,
				D0341CD215C649470064ABEC /* Profile */,
			);
			defaultConfigurationIsVisible = 0;
			defaultConfigurationName = Release;
		};
/* End XCConfigurationList section */
	};
	rootObject = D09061E215B0DD37001CAC43 /* Project object */;
}
